// !$*UTF8*$!
{
	archiveVersion = 1;
	classes = {
	};
	objectVersion = 48;
	objects = {

/* Begin PBXBuildFile section */
		40AA2A8E1FEBFADC0073FC34 /* DoreOpen.m in Sources */ = {isa = PBXBuildFile; fileRef = 40AA2A8D1FEBFADC0073FC34 /* DoreOpen.m */; };
		40AA2A8F1FEBFADC0073FC34 /* DoreOpen.h in CopyFiles */ = {isa = PBXBuildFile; fileRef = 40AA2A8C1FEBFADC0073FC34 /* DoreOpen.h */; };
		40AA2A971FEBFB440073FC34 /* QuickLook.framework in Frameworks */ = {isa = PBXBuildFile; fileRef = 40AA2A961FEBFB440073FC34 /* QuickLook.framework */; };
/* End PBXBuildFile section */

/* Begin PBXCopyFilesBuildPhase section */
		40AA2A871FEBFADC0073FC34 /* CopyFiles */ = {
			isa = PBXCopyFilesBuildPhase;
			buildActionMask = 2147483647;
			dstPath = "include/$(PRODUCT_NAME)";
			dstSubfolderSpec = 16;
			files = (
				40AA2A8F1FEBFADC0073FC34 /* DoreOpen.h in CopyFiles */,
			);
			runOnlyForDeploymentPostprocessing = 0;
		};
/* End PBXCopyFilesBuildPhase section */

/* Begin PBXFileReference section */
		40AA2A891FEBFADC0073FC34 /* libDoreOpen.a */ = {isa = PBXFileReference; explicitFileType = archive.ar; includeInIndex = 0; path = libDoreOpen.a; sourceTree = BUILT_PRODUCTS_DIR; };
		40AA2A8C1FEBFADC0073FC34 /* DoreOpen.h */ = {isa = PBXFileReference; lastKnownFileType = sourcecode.c.h; path = DoreOpen.h; sourceTree = "<group>"; };
		40AA2A8D1FEBFADC0073FC34 /* DoreOpen.m */ = {isa = PBXFileReference; lastKnownFileType = sourcecode.c.objc; path = DoreOpen.m; sourceTree = "<group>"; };
		40AA2A961FEBFB440073FC34 /* QuickLook.framework */ = {isa = PBXFileReference; lastKnownFileType = wrapper.framework; name = QuickLook.framework; path = System/Library/Frameworks/QuickLook.framework; sourceTree = SDKROOT; };
/* End PBXFileReference section */

/* Begin PBXFrameworksBuildPhase section */
		40AA2A861FEBFADC0073FC34 /* Frameworks */ = {
			isa = PBXFrameworksBuildPhase;
			buildActionMask = 2147483647;
			files = (
				40AA2A971FEBFB440073FC34 /* QuickLook.framework in Frameworks */,
			);
			runOnlyForDeploymentPostprocessing = 0;
		};
/* End PBXFrameworksBuildPhase section */

/* Begin PBXGroup section */
		40AA2A801FEBFADC0073FC34 = {
			isa = PBXGroup;
			children = (
				40AA2A8B1FEBFADC0073FC34 /* DoreOpen */,
				40AA2A8A1FEBFADC0073FC34 /* Products */,
				40AA2A951FEBFB440073FC34 /* Frameworks */,
			);
			sourceTree = "<group>";
		};
		40AA2A8A1FEBFADC0073FC34 /* Products */ = {
			isa = PBXGroup;
			children = (
				40AA2A891FEBFADC0073FC34 /* libDoreOpen.a */,
			);
			name = Products;
			sourceTree = "<group>";
		};
		40AA2A8B1FEBFADC0073FC34 /* DoreOpen */ = {
			isa = PBXGroup;
			children = (
				40AA2A8C1FEBFADC0073FC34 /* DoreOpen.h */,
				40AA2A8D1FEBFADC0073FC34 /* DoreOpen.m */,
			);
			path = DoreOpen;
			sourceTree = "<group>";
		};
		40AA2A951FEBFB440073FC34 /* Frameworks */ = {
			isa = PBXGroup;
			children = (
				40AA2A961FEBFB440073FC34 /* QuickLook.framework */,
			);
			name = Frameworks;
			sourceTree = "<group>";
		};
/* End PBXGroup section */

/* Begin PBXNativeTarget section */
		40AA2A881FEBFADC0073FC34 /* DoreOpen */ = {
			isa = PBXNativeTarget;
			buildConfigurationList = 40AA2A921FEBFADC0073FC34 /* Build configuration list for PBXNativeTarget "DoreOpen" */;
			buildPhases = (
				40AA2A851FEBFADC0073FC34 /* Sources */,
				40AA2A861FEBFADC0073FC34 /* Frameworks */,
				40AA2A871FEBFADC0073FC34 /* CopyFiles */,
			);
			buildRules = (
			);
			dependencies = (
			);
			name = DoreOpen;
			productName = DoreOpen;
			productReference = 40AA2A891FEBFADC0073FC34 /* libDoreOpen.a */;
			productType = "com.apple.product-type.library.static";
		};
/* End PBXNativeTarget section */

/* Begin PBXProject section */
		40AA2A811FEBFADC0073FC34 /* Project object */ = {
			isa = PBXProject;
			attributes = {
				LastUpgradeCheck = 0900;
				ORGANIZATIONNAME = phodal;
				TargetAttributes = {
					40AA2A881FEBFADC0073FC34 = {
						CreatedOnToolsVersion = 9.0;
						ProvisioningStyle = Automatic;
					};
				};
			};
			buildConfigurationList = 40AA2A841FEBFADC0073FC34 /* Build configuration list for PBXProject "DoreOpen" */;
			compatibilityVersion = "Xcode 8.0";
			developmentRegion = en;
			hasScannedForEncodings = 0;
			knownRegions = (
				en,
			);
			mainGroup = 40AA2A801FEBFADC0073FC34;
			productRefGroup = 40AA2A8A1FEBFADC0073FC34 /* Products */;
			projectDirPath = "";
			projectRoot = "";
			targets = (
				40AA2A881FEBFADC0073FC34 /* DoreOpen */,
			);
		};
/* End PBXProject section */

/* Begin PBXSourcesBuildPhase section */
		40AA2A851FEBFADC0073FC34 /* Sources */ = {
			isa = PBXSourcesBuildPhase;
			buildActionMask = 2147483647;
			files = (
				40AA2A8E1FEBFADC0073FC34 /* DoreOpen.m in Sources */,
			);
			runOnlyForDeploymentPostprocessing = 0;
		};
/* End PBXSourcesBuildPhase section */

/* Begin XCBuildConfiguration section */
		40AA2A901FEBFADC0073FC34 /* Debug */ = {
			isa = XCBuildConfiguration;
			buildSettings = {
				ALWAYS_SEARCH_USER_PATHS = NO;
				CLANG_ANALYZER_NONNULL = YES;
				CLANG_ANALYZER_NUMBER_OBJECT_CONVERSION = YES_AGGRESSIVE;
				CLANG_CXX_LANGUAGE_STANDARD = "gnu++14";
				CLANG_CXX_LIBRARY = "libc++";
				CLANG_ENABLE_MODULES = YES;
				CLANG_ENABLE_OBJC_ARC = YES;
				CLANG_WARN_BLOCK_CAPTURE_AUTORELEASING = YES;
				CLANG_WARN_BOOL_CONVERSION = YES;
				CLANG_WARN_COMMA = YES;
				CLANG_WARN_CONSTANT_CONVERSION = YES;
				CLANG_WARN_DIRECT_OBJC_ISA_USAGE = YES_ERROR;
				CLANG_WARN_DOCUMENTATION_COMMENTS = YES;
				CLANG_WARN_EMPTY_BODY = YES;
				CLANG_WARN_ENUM_CONVERSION = YES;
				CLANG_WARN_INFINITE_RECURSION = YES;
				CLANG_WARN_INT_CONVERSION = YES;
				CLANG_WARN_NON_LITERAL_NULL_CONVERSION = YES;
				CLANG_WARN_OBJC_LITERAL_CONVERSION = YES;
				CLANG_WARN_OBJC_ROOT_CLASS = YES_ERROR;
				CLANG_WARN_RANGE_LOOP_ANALYSIS = YES;
				CLANG_WARN_STRICT_PROTOTYPES = YES;
				CLANG_WARN_SUSPICIOUS_MOVE = YES;
				CLANG_WARN_UNGUARDED_AVAILABILITY = YES_AGGRESSIVE;
				CLANG_WARN_UNREACHABLE_CODE = YES;
				CLANG_WARN__DUPLICATE_METHOD_MATCH = YES;
				CODE_SIGN_IDENTITY = "iPhone Developer";
				COPY_PHASE_STRIP = NO;
				DEBUG_INFORMATION_FORMAT = dwarf;
				ENABLE_STRICT_OBJC_MSGSEND = YES;
				ENABLE_TESTABILITY = YES;
				GCC_C_LANGUAGE_STANDARD = gnu11;
				GCC_DYNAMIC_NO_PIC = NO;
				GCC_NO_COMMON_BLOCKS = YES;
				GCC_OPTIMIZATION_LEVEL = 0;
				GCC_PREPROCESSOR_DEFINITIONS = (
					"DEBUG=1",
					"$(inherited)",
				);
				GCC_WARN_64_TO_32_BIT_CONVERSION = YES;
				GCC_WARN_ABOUT_RETURN_TYPE = YES_ERROR;
				GCC_WARN_UNDECLARED_SELECTOR = YES;
				GCC_WARN_UNINITIALIZED_AUTOS = YES_AGGRESSIVE;
				GCC_WARN_UNUSED_FUNCTION = YES;
				GCC_WARN_UNUSED_VARIABLE = YES;
				IPHONEOS_DEPLOYMENT_TARGET = 11.0;
				MTL_ENABLE_DEBUG_INFO = YES;
				ONLY_ACTIVE_ARCH = YES;
				SDKROOT = iphoneos;
			};
			name = Debug;
		};
		40AA2A911FEBFADC0073FC34 /* Release */ = {
			isa = XCBuildConfiguration;
			buildSettings = {
				ALWAYS_SEARCH_USER_PATHS = NO;
				CLANG_ANALYZER_NONNULL = YES;
				CLANG_ANALYZER_NUMBER_OBJECT_CONVERSION = YES_AGGRESSIVE;
				CLANG_CXX_LANGUAGE_STANDARD = "gnu++14";
				CLANG_CXX_LIBRARY = "libc++";
				CLANG_ENABLE_MODULES = YES;
				CLANG_ENABLE_OBJC_ARC = YES;
				CLANG_WARN_BLOCK_CAPTURE_AUTORELEASING = YES;
				CLANG_WARN_BOOL_CONVERSION = YES;
				CLANG_WARN_COMMA = YES;
				CLANG_WARN_CONSTANT_CONVERSION = YES;
				CLANG_WARN_DIRECT_OBJC_ISA_USAGE = YES_ERROR;
				CLANG_WARN_DOCUMENTATION_COMMENTS = YES;
				CLANG_WARN_EMPTY_BODY = YES;
				CLANG_WARN_ENUM_CONVERSION = YES;
				CLANG_WARN_INFINITE_RECURSION = YES;
				CLANG_WARN_INT_CONVERSION = YES;
				CLANG_WARN_NON_LITERAL_NULL_CONVERSION = YES;
				CLANG_WARN_OBJC_LITERAL_CONVERSION = YES;
				CLANG_WARN_OBJC_ROOT_CLASS = YES_ERROR;
				CLANG_WARN_RANGE_LOOP_ANALYSIS = YES;
				CLANG_WARN_STRICT_PROTOTYPES = YES;
				CLANG_WARN_SUSPICIOUS_MOVE = YES;
				CLANG_WARN_UNGUARDED_AVAILABILITY = YES_AGGRESSIVE;
				CLANG_WARN_UNREACHABLE_CODE = YES;
				CLANG_WARN__DUPLICATE_METHOD_MATCH = YES;
				CODE_SIGN_IDENTITY = "iPhone Developer";
				COPY_PHASE_STRIP = NO;
				DEBUG_INFORMATION_FORMAT = "dwarf-with-dsym";
				ENABLE_NS_ASSERTIONS = NO;
				ENABLE_STRICT_OBJC_MSGSEND = YES;
				GCC_C_LANGUAGE_STANDARD = gnu11;
				GCC_NO_COMMON_BLOCKS = YES;
				GCC_WARN_64_TO_32_BIT_CONVERSION = YES;
				GCC_WARN_ABOUT_RETURN_TYPE = YES_ERROR;
				GCC_WARN_UNDECLARED_SELECTOR = YES;
				GCC_WARN_UNINITIALIZED_AUTOS = YES_AGGRESSIVE;
				GCC_WARN_UNUSED_FUNCTION = YES;
				GCC_WARN_UNUSED_VARIABLE = YES;
				IPHONEOS_DEPLOYMENT_TARGET = 11.0;
				MTL_ENABLE_DEBUG_INFO = NO;
				SDKROOT = iphoneos;
				VALIDATE_PRODUCT = YES;
			};
			name = Release;
		};
		40AA2A931FEBFADC0073FC34 /* Debug */ = {
			isa = XCBuildConfiguration;
			buildSettings = {
				CODE_SIGN_STYLE = Automatic;
				HEADER_SEARCH_PATHS = (
					"$(SRCROOT)/../../react-native/Libraries\n",
					"$(SRCROOT)/../../react-native/React",
					"$(SRCROOT)/../../React",
				);
				OTHER_LDFLAGS = "-ObjC";
				PRODUCT_NAME = "$(TARGET_NAME)";
				SKIP_INSTALL = YES;
				TARGETED_DEVICE_FAMILY = "1,2";
			};
			name = Debug;
		};
		40AA2A941FEBFADC0073FC34 /* Release */ = {
			isa = XCBuildConfiguration;
			buildSettings = {
				CODE_SIGN_STYLE = Automatic;
				HEADER_SEARCH_PATHS = (
					"$(SRCROOT)/../../react-native/Libraries\n",
					"$(SRCROOT)/../../react-native/React",
					"$(SRCROOT)/../../React",
				);
				OTHER_LDFLAGS = "-ObjC";
				PRODUCT_NAME = "$(TARGET_NAME)";
				SKIP_INSTALL = YES;
				TARGETED_DEVICE_FAMILY = "1,2";
			};
			name = Release;
		};
/* End XCBuildConfiguration section */

/* Begin XCConfigurationList section */
		40AA2A841FEBFADC0073FC34 /* Build configuration list for PBXProject "DoreOpen" */ = {
			isa = XCConfigurationList;
			buildConfigurations = (
				40AA2A901FEBFADC0073FC34 /* Debug */,
				40AA2A911FEBFADC0073FC34 /* Release */,
			);
			defaultConfigurationIsVisible = 0;
			defaultConfigurationName = Release;
		};
		40AA2A921FEBFADC0073FC34 /* Build configuration list for PBXNativeTarget "DoreOpen" */ = {
			isa = XCConfigurationList;
			buildConfigurations = (
				40AA2A931FEBFADC0073FC34 /* Debug */,
				40AA2A941FEBFADC0073FC34 /* Release */,
			);
			defaultConfigurationIsVisible = 0;
			defaultConfigurationName = Release;
		};
/* End XCConfigurationList section */
	};
	rootObject = 40AA2A811FEBFADC0073FC34 /* Project object */;
}
